
Microsoft Visual Studio Solution File, Format Version 12.00
# Visual Studio Version 17
VisualStudioVersion = 17.2.32602.215
MinimumVisualStudioVersion = 10.0.40219.1
Project("{FAE04EC0-301F-11D3-BF4B-00C04F79EFBC}") = "console.api.test", "console.api.test\console.api.test.csproj", "{34A60EA8-DBAC-4009-BE1C-9336D5962FB5}"
EndProject
Global
	GlobalSection(SolutionConfigurationPlatforms) = preSolution
		Debug|Any CPU = Debug|Any CPU
		Release|Any CPU = Release|Any CPU
	EndGlobalSection
	GlobalSection(ProjectConfigurationPlatforms) = postSolution
		{34A60EA8-DBAC-4009-BE1C-9336D5962FB5}.Debug|Any CPU.ActiveCfg = Debug|Any CPU
		{34A60EA8-DBAC-4009-BE1C-9336D5962FB5}.Debug|Any CPU.Build.0 = Debug|Any CPU
		{34A60EA8-DBAC-4009-BE1C-9336D5962FB5}.Release|Any CPU.ActiveCfg = Release|Any CPU
		{34A60EA8-DBAC-4009-BE1C-9336D5962FB5}.Release|Any CPU.Build.0 = Release|Any CPU
	EndGlobalSection
	GlobalSection(SolutionProperties) = preSolution
		HideSolutionNode = FALSE
	EndGlobalSection
	GlobalSection(ExtensibilityGlobals) = postSolution
		SolutionGuid = {6E1D83EB-6916-4E51-A637-BB3AE5995C02}
	EndGlobalSection
EndGlobal
